
Microsoft Visual Studio Solution File, Format Version 12.00
# Visual Studio 2013
VisualStudioVersion = 12.0.30219.0
MinimumVisualStudioVersion = 10.0.40219.1
Project("{FAE04EC0-301F-11D3-BF4B-00C04F79EFBC}") = "ProfileCut", "ProfileCut\ProfileCut.csproj", "{5241879D-4C91-41F9-829B-5CA1D0827741}"
EndProject
Project("{FAE04EC0-301F-11D3-BF4B-00C04F79EFBC}") = "ModuleConnect", "ModuleConnect\ModuleConnect.csproj", "{1E742822-3118-4630-A19E-803791BA7BC2}"
EndProject
Project("{FAE04EC0-301F-11D3-BF4B-00C04F79EFBC}") = "ModuleDrawingPrinter", "ModuleDrawingPrinter\ModuleDrawingPrinter.csproj", "{F6A47346-455C-4E31-8348-431EAB4B8B0D}"
EndProject
Project("{FAE04EC0-301F-11D3-BF4B-00C04F79EFBC}") = "GenCode128", "..\GenCode128\GenCode128\GenCode128.csproj", "{32817BF9-E380-4467-9C7F-936F4B122BC7}"
EndProject
Project("{FAE04EC0-301F-11D3-BF4B-00C04F79EFBC}") = "Storage", "Repository\Storage.csproj", "{EB591448-1385-4B25-8008-6575BB872294}"
EndProject
Project("{FAE04EC0-301F-11D3-BF4B-00C04F79EFBC}") = "Platform2", "Platform2\Platform2.csproj", "{09126158-CBB3-4B8A-A888-2D440BC871F3}"
EndProject
Project("{2150E333-8FDC-42A3-9474-1A3956D46DE8}") = "Solution Items", "Solution Items", "{5A582569-551D-4F14-82E9-605D113D70F4}"
	ProjectSection(SolutionItems) = preProject
		Performance1.psess = Performance1.psess
	EndProjectSection
EndProject
Global
	GlobalSection(SolutionConfigurationPlatforms) = preSolution
		Debug Webpage|Any CPU = Debug Webpage|Any CPU
		Debug|Any CPU = Debug|Any CPU
		Release|Any CPU = Release|Any CPU
	EndGlobalSection
	GlobalSection(ProjectConfigurationPlatforms) = postSolution
		{5241879D-4C91-41F9-829B-5CA1D0827741}.Debug Webpage|Any CPU.ActiveCfg = Debug|Any CPU
		{5241879D-4C91-41F9-829B-5CA1D0827741}.Debug Webpage|Any CPU.Build.0 = Debug|Any CPU
		{5241879D-4C91-41F9-829B-5CA1D0827741}.Debug|Any CPU.ActiveCfg = Debug|Any CPU
		{5241879D-4C91-41F9-829B-5CA1D0827741}.Debug|Any CPU.Build.0 = Debug|Any CPU
		{5241879D-4C91-41F9-829B-5CA1D0827741}.Release|Any CPU.ActiveCfg = Release|Any CPU
		{5241879D-4C91-41F9-829B-5CA1D0827741}.Release|Any CPU.Build.0 = Release|Any CPU
		{1E742822-3118-4630-A19E-803791BA7BC2}.Debug Webpage|Any CPU.ActiveCfg = Debug|Any CPU
		{1E742822-3118-4630-A19E-803791BA7BC2}.Debug Webpage|Any CPU.Build.0 = Debug|Any CPU
		{1E742822-3118-4630-A19E-803791BA7BC2}.Debug|Any CPU.ActiveCfg = Debug|Any CPU
		{1E742822-3118-4630-A19E-803791BA7BC2}.Debug|Any CPU.Build.0 = Debug|Any CPU
		{1E742822-3118-4630-A19E-803791BA7BC2}.Release|Any CPU.ActiveCfg = Release|Any CPU
		{1E742822-3118-4630-A19E-803791BA7BC2}.Release|Any CPU.Build.0 = Release|Any CPU
		{F6A47346-455C-4E31-8348-431EAB4B8B0D}.Debug Webpage|Any CPU.ActiveCfg = Debug|Any CPU
		{F6A47346-455C-4E31-8348-431EAB4B8B0D}.Debug Webpage|Any CPU.Build.0 = Debug|Any CPU
		{F6A47346-455C-4E31-8348-431EAB4B8B0D}.Debug|Any CPU.ActiveCfg = Debug|Any CPU
		{F6A47346-455C-4E31-8348-431EAB4B8B0D}.Debug|Any CPU.Build.0 = Debug|Any CPU
		{F6A47346-455C-4E31-8348-431EAB4B8B0D}.Release|Any CPU.ActiveCfg = Release|Any CPU
		{F6A47346-455C-4E31-8348-431EAB4B8B0D}.Release|Any CPU.Build.0 = Release|Any CPU
		{32817BF9-E380-4467-9C7F-936F4B122BC7}.Debug Webpage|Any CPU.ActiveCfg = Debug|Any CPU
		{32817BF9-E380-4467-9C7F-936F4B122BC7}.Debug Webpage|Any CPU.Build.0 = Debug|Any CPU
		{32817BF9-E380-4467-9C7F-936F4B122BC7}.Debug|Any CPU.ActiveCfg = Debug|Any CPU
		{32817BF9-E380-4467-9C7F-936F4B122BC7}.Debug|Any CPU.Build.0 = Debug|Any CPU
		{32817BF9-E380-4467-9C7F-936F4B122BC7}.Release|Any CPU.ActiveCfg = Release|Any CPU
		{32817BF9-E380-4467-9C7F-936F4B122BC7}.Release|Any CPU.Build.0 = Release|Any CPU
		{EB591448-1385-4B25-8008-6575BB872294}.Debug Webpage|Any CPU.ActiveCfg = Debug|Any CPU
		{EB591448-1385-4B25-8008-6575BB872294}.Debug Webpage|Any CPU.Build.0 = Debug|Any CPU
		{EB591448-1385-4B25-8008-6575BB872294}.Debug|Any CPU.ActiveCfg = Debug|Any CPU
		{EB591448-1385-4B25-8008-6575BB872294}.Debug|Any CPU.Build.0 = Debug|Any CPU
		{EB591448-1385-4B25-8008-6575BB872294}.Release|Any CPU.ActiveCfg = Release|Any CPU
		{EB591448-1385-4B25-8008-6575BB872294}.Release|Any CPU.Build.0 = Release|Any CPU
		{09126158-CBB3-4B8A-A888-2D440BC871F3}.Debug Webpage|Any CPU.ActiveCfg = Debug|Any CPU
		{09126158-CBB3-4B8A-A888-2D440BC871F3}.Debug Webpage|Any CPU.Build.0 = Debug|Any CPU
		{09126158-CBB3-4B8A-A888-2D440BC871F3}.Debug|Any CPU.ActiveCfg = Debug|Any CPU
		{09126158-CBB3-4B8A-A888-2D440BC871F3}.Debug|Any CPU.Build.0 = Debug|Any CPU
		{09126158-CBB3-4B8A-A888-2D440BC871F3}.Release|Any CPU.ActiveCfg = Release|Any CPU
		{09126158-CBB3-4B8A-A888-2D440BC871F3}.Release|Any CPU.Build.0 = Release|Any CPU
	EndGlobalSection
	GlobalSection(SolutionProperties) = preSolution
		HideSolutionNode = FALSE
	EndGlobalSection
	GlobalSection(Performance) = preSolution
		HasPerformanceSessions = true
	EndGlobalSection
EndGlobal
